kind = "sift-lock"
format_version = 1
manifest_id = "b654b918-b1f1-4d70-924d-e4c1014f482f"
configuration_digest = "sha256:cde453744b3267b73f5e9c40e082c2da813d17bc3d62c740f9031b04a089f5ad"
extensions = []
platforms = []

[sift]
version = "0.1.0"
protocol = 5
schema_digest = "sha256:5c6a62594db60c66891ce78f9c8b94785bb523c1b06a7da942613ba3aad29784"

[[providers]]
name = "postgres"
schema_version = 1
schema_digest = "sha256:e2e494a9df4ac2df9ac7e513dd0f818aac6622cacf86f077067b7263beea1664"

[[providers]]
name = "sqlite"
schema_version = 1
schema_digest = "sha256:4b3a0d0d4bd7de3d561f91ce55a3600d3a4679e2ccc6136525cac2ba6815ed0d"
